
Microsoft Visual Studio Solution File, Format Version 12.00
# Visual Studio 15
VisualStudioVersion = 15.0.28010.2003
MinimumVisualStudioVersion = 10.0.40219.1
Project("{FAE04EC0-301F-11D3-BF4B-00C04F79EFBC}") = "App1.Android", "App1\App1.Android\App1.Android.csproj", "{24CE3C36-16B9-426D-AA0C-5961ECF8D88C}"
EndProject
Project("{9A19103F-16F7-4668-BE54-9A1E7A4F7556}") = "App1", "App1\App1\App1.csproj", "{97BEE42D-4796-414C-8AE2-A2F7F018884A}"
EndProject
Global
	GlobalSection(SolutionConfigurationPlatforms) = preSolution
		Debug|Any CPU = Debug|Any CPU
		Debug|iPhone = Debug|iPhone
		Debug|iPhoneSimulator = Debug|iPhoneSimulator
		phoneTest|Any CPU = phoneTest|Any CPU
		phoneTest|iPhone = phoneTest|iPhone
		phoneTest|iPhoneSimulator = phoneTest|iPhoneSimulator
		Release|Any CPU = Release|Any CPU
		Release|iPhone = Release|iPhone
		Release|iPhoneSimulator = Release|iPhoneSimulator
	EndGlobalSection
	GlobalSection(ProjectConfigurationPlatforms) = postSolution
		{24CE3C36-16B9-426D-AA0C-5961ECF8D88C}.Debug|Any CPU.ActiveCfg = Debug|Any CPU
		{24CE3C36-16B9-426D-AA0C-5961ECF8D88C}.Debug|Any CPU.Build.0 = Debug|Any CPU
		{24CE3C36-16B9-426D-AA0C-5961ECF8D88C}.Debug|Any CPU.Deploy.0 = Debug|Any CPU
		{24CE3C36-16B9-426D-AA0C-5961ECF8D88C}.Debug|iPhone.ActiveCfg = Debug|Any CPU
		{24CE3C36-16B9-426D-AA0C-5961ECF8D88C}.Debug|iPhone.Build.0 = Debug|Any CPU
		{24CE3C36-16B9-426D-AA0C-5961ECF8D88C}.Debug|iPhone.Deploy.0 = Debug|Any CPU
		{24CE3C36-16B9-426D-AA0C-5961ECF8D88C}.Debug|iPhoneSimulator.ActiveCfg = Debug|Any CPU
		{24CE3C36-16B9-426D-AA0C-5961ECF8D88C}.Debug|iPhoneSimulator.Build.0 = Debug|Any CPU
		{24CE3C36-16B9-426D-AA0C-5961ECF8D88C}.Debug|iPhoneSimulator.Deploy.0 = Debug|Any CPU
		{24CE3C36-16B9-426D-AA0C-5961ECF8D88C}.phoneTest|Any CPU.ActiveCfg = phoneText|Any CPU
		{24CE3C36-16B9-426D-AA0C-5961ECF8D88C}.phoneTest|Any CPU.Build.0 = phoneText|Any CPU
		{24CE3C36-16B9-426D-AA0C-5961ECF8D88C}.phoneTest|Any CPU.Deploy.0 = phoneText|Any CPU
		{24CE3C36-16B9-426D-AA0C-5961ECF8D88C}.phoneTest|iPhone.ActiveCfg = phoneText|Any CPU
		{24CE3C36-16B9-426D-AA0C-5961ECF8D88C}.phoneTest|iPhone.Build.0 = phoneText|Any CPU
		{24CE3C36-16B9-426D-AA0C-5961ECF8D88C}.phoneTest|iPhone.Deploy.0 = phoneText|Any CPU
		{24CE3C36-16B9-426D-AA0C-5961ECF8D88C}.phoneTest|iPhoneSimulator.ActiveCfg = phoneText|Any CPU
		{24CE3C36-16B9-426D-AA0C-5961ECF8D88C}.phoneTest|iPhoneSimulator.Build.0 = phoneText|Any CPU
		{24CE3C36-16B9-426D-AA0C-5961ECF8D88C}.phoneTest|iPhoneSimulator.Deploy.0 = phoneText|Any CPU
		{24CE3C36-16B9-426D-AA0C-5961ECF8D88C}.Release|Any CPU.ActiveCfg = Release|Any CPU
		{24CE3C36-16B9-426D-AA0C-5961ECF8D88C}.Release|Any CPU.Build.0 = Release|Any CPU
		{24CE3C36-16B9-426D-AA0C-5961ECF8D88C}.Release|Any CPU.Deploy.0 = Release|Any CPU
		{24CE3C36-16B9-426D-AA0C-5961ECF8D88C}.Release|iPhone.ActiveCfg = Release|Any CPU
		{24CE3C36-16B9-426D-AA0C-5961ECF8D88C}.Release|iPhone.Build.0 = Release|Any CPU
		{24CE3C36-16B9-426D-AA0C-5961ECF8D88C}.Release|iPhone.Deploy.0 = Release|Any CPU
		{24CE3C36-16B9-426D-AA0C-5961ECF8D88C}.Release|iPhoneSimulator.ActiveCfg = Release|Any CPU
		{24CE3C36-16B9-426D-AA0C-5961ECF8D88C}.Release|iPhoneSimulator.Build.0 = Release|Any CPU
		{24CE3C36-16B9-426D-AA0C-5961ECF8D88C}.Release|iPhoneSimulator.Deploy.0 = Release|Any CPU
		{97BEE42D-4796-414C-8AE2-A2F7F018884A}.Debug|Any CPU.ActiveCfg = Debug|Any CPU
		{97BEE42D-4796-414C-8AE2-A2F7F018884A}.Debug|Any CPU.Build.0 = Debug|Any CPU
		{97BEE42D-4796-414C-8AE2-A2F7F018884A}.Debug|Any CPU.Deploy.0 = Debug|Any CPU
		{97BEE42D-4796-414C-8AE2-A2F7F018884A}.Debug|iPhone.ActiveCfg = Debug|Any CPU
		{97BEE42D-4796-414C-8AE2-A2F7F018884A}.Debug|iPhone.Build.0 = Debug|Any CPU
		{97BEE42D-4796-414C-8AE2-A2F7F018884A}.Debug|iPhone.Deploy.0 = Debug|Any CPU
		{97BEE42D-4796-414C-8AE2-A2F7F018884A}.Debug|iPhoneSimulator.ActiveCfg = Debug|Any CPU
		{97BEE42D-4796-414C-8AE2-A2F7F018884A}.Debug|iPhoneSimulator.Build.0 = Debug|Any CPU
		{97BEE42D-4796-414C-8AE2-A2F7F018884A}.Debug|iPhoneSimulator.Deploy.0 = Debug|Any CPU
		{97BEE42D-4796-414C-8AE2-A2F7F018884A}.phoneTest|Any CPU.ActiveCfg = phoneText|Any CPU
		{97BEE42D-4796-414C-8AE2-A2F7F018884A}.phoneTest|Any CPU.Build.0 = phoneText|Any CPU
		{97BEE42D-4796-414C-8AE2-A2F7F018884A}.phoneTest|iPhone.ActiveCfg = phoneText|Any CPU
		{97BEE42D-4796-414C-8AE2-A2F7F018884A}.phoneTest|iPhone.Build.0 = phoneText|Any CPU
		{97BEE42D-4796-414C-8AE2-A2F7F018884A}.phoneTest|iPhoneSimulator.ActiveCfg = phoneText|Any CPU
		{97BEE42D-4796-414C-8AE2-A2F7F018884A}.phoneTest|iPhoneSimulator.Build.0 = phoneText|Any CPU
		{97BEE42D-4796-414C-8AE2-A2F7F018884A}.Release|Any CPU.ActiveCfg = Release|Any CPU
		{97BEE42D-4796-414C-8AE2-A2F7F018884A}.Release|Any CPU.Build.0 = Release|Any CPU
		{97BEE42D-4796-414C-8AE2-A2F7F018884A}.Release|Any CPU.Deploy.0 = Release|Any CPU
		{97BEE42D-4796-414C-8AE2-A2F7F018884A}.Release|iPhone.ActiveCfg = Release|Any CPU
		{97BEE42D-4796-414C-8AE2-A2F7F018884A}.Release|iPhone.Build.0 = Release|Any CPU
		{97BEE42D-4796-414C-8AE2-A2F7F018884A}.Release|iPhone.Deploy.0 = Release|Any CPU
		{97BEE42D-4796-414C-8AE2-A2F7F018884A}.Release|iPhoneSimulator.ActiveCfg = Release|Any CPU
		{97BEE42D-4796-414C-8AE2-A2F7F018884A}.Release|iPhoneSimulator.Build.0 = Release|Any CPU
		{97BEE42D-4796-414C-8AE2-A2F7F018884A}.Release|iPhoneSimulator.Deploy.0 = Release|Any CPU
	EndGlobalSection
	GlobalSection(SolutionProperties) = preSolution
		HideSolutionNode = FALSE
	EndGlobalSection
	GlobalSection(ExtensibilityGlobals) = postSolution
		SolutionGuid = {FDAD2081-5A64-4E7D-A313-5D2592F8B352}
	EndGlobalSection
EndGlobal
